
Microsoft Visual Studio Solution File, Format Version 12.00
# Visual Studio Version 16
VisualStudioVersion = 16.0.29403.142
MinimumVisualStudioVersion = 10.0.40219.1
Project("{FAE04EC0-301F-11D3-BF4B-00C04F79EFBC}") = "EmployeesService", "EmployeesService.csproj", "{95EA6463-2387-48D8-830E-A74047389BC1}"
EndProject
Project("{FAE04EC0-301F-11D3-BF4B-00C04F79EFBC}") = "TokenAuthenticationWebAPI", "..\TokenAuthenticationWebAPI\TokenAuthenticationWebAPI.csproj", "{A1C76A54-4031-4211-B3B2-D5CB048BC5FF}"
EndProject
Global
	GlobalSection(SolutionConfigurationPlatforms) = preSolution
		Debug|Any CPU = Debug|Any CPU
		Release|Any CPU = Release|Any CPU
	EndGlobalSection
	GlobalSection(ProjectConfigurationPlatforms) = postSolution
		{95EA6463-2387-48D8-830E-A74047389BC1}.Debug|Any CPU.ActiveCfg = Debug|Any CPU
		{95EA6463-2387-48D8-830E-A74047389BC1}.Debug|Any CPU.Build.0 = Debug|Any CPU
		{95EA6463-2387-48D8-830E-A74047389BC1}.Release|Any CPU.ActiveCfg = Release|Any CPU
		{95EA6463-2387-48D8-830E-A74047389BC1}.Release|Any CPU.Build.0 = Release|Any CPU
		{A1C76A54-4031-4211-B3B2-D5CB048BC5FF}.Debug|Any CPU.ActiveCfg = Debug|Any CPU
		{A1C76A54-4031-4211-B3B2-D5CB048BC5FF}.Debug|Any CPU.Build.0 = Debug|Any CPU
		{A1C76A54-4031-4211-B3B2-D5CB048BC5FF}.Release|Any CPU.ActiveCfg = Release|Any CPU
		{A1C76A54-4031-4211-B3B2-D5CB048BC5FF}.Release|Any CPU.Build.0 = Release|Any CPU
	EndGlobalSection
	GlobalSection(SolutionProperties) = preSolution
		HideSolutionNode = FALSE
	EndGlobalSection
	GlobalSection(ExtensibilityGlobals) = postSolution
		SolutionGuid = {78ECC4AD-3CF0-4758-88ED-DC5B09A91E94}
	EndGlobalSection
EndGlobal
